
Microsoft Visual Studio Solution File, Format Version 12.00
Project("{FAE04EC0-301F-11D3-BF4B-00C04F79EFBC}") = "уп1.3", "уп1.3\уп1.3.csproj", "{17F2D264-551B-4BA4-96D1-F32177A74DC0}"
EndProject
Project("{FAE04EC0-301F-11D3-BF4B-00C04F79EFBC}") = "exe2", "exe2\exe2.csproj", "{76A79F66-E014-4E22-9C60-8165B02DA053}"
EndProject
Project("{FAE04EC0-301F-11D3-BF4B-00C04F79EFBC}") = "exe3", "exe3\exe3.csproj", "{D65207AA-C874-4F1B-9A37-00E37B25AE28}"
EndProject
Global
	GlobalSection(SolutionConfigurationPlatforms) = preSolution
		Debug|Any CPU = Debug|Any CPU
		Release|Any CPU = Release|Any CPU
	EndGlobalSection
	GlobalSection(ProjectConfigurationPlatforms) = postSolution
		{17F2D264-551B-4BA4-96D1-F32177A74DC0}.Debug|Any CPU.ActiveCfg = Debug|Any CPU
		{17F2D264-551B-4BA4-96D1-F32177A74DC0}.Debug|Any CPU.Build.0 = Debug|Any CPU
		{17F2D264-551B-4BA4-96D1-F32177A74DC0}.Release|Any CPU.ActiveCfg = Release|Any CPU
		{17F2D264-551B-4BA4-96D1-F32177A74DC0}.Release|Any CPU.Build.0 = Release|Any CPU
		{76A79F66-E014-4E22-9C60-8165B02DA053}.Debug|Any CPU.ActiveCfg = Debug|Any CPU
		{76A79F66-E014-4E22-9C60-8165B02DA053}.Debug|Any CPU.Build.0 = Debug|Any CPU
		{76A79F66-E014-4E22-9C60-8165B02DA053}.Release|Any CPU.ActiveCfg = Release|Any CPU
		{76A79F66-E014-4E22-9C60-8165B02DA053}.Release|Any CPU.Build.0 = Release|Any CPU
		{D65207AA-C874-4F1B-9A37-00E37B25AE28}.Debug|Any CPU.ActiveCfg = Debug|Any CPU
		{D65207AA-C874-4F1B-9A37-00E37B25AE28}.Debug|Any CPU.Build.0 = Debug|Any CPU
		{D65207AA-C874-4F1B-9A37-00E37B25AE28}.Release|Any CPU.ActiveCfg = Release|Any CPU
		{D65207AA-C874-4F1B-9A37-00E37B25AE28}.Release|Any CPU.Build.0 = Release|Any CPU
	EndGlobalSection
EndGlobal
