
Microsoft Visual Studio Solution File, Format Version 12.00
Project("{FAE04EC0-301F-11D3-BF4B-00C04F79EFBC}") = "exe1", "exe1\exe1.csproj", "{58681904-590F-4D82-BE16-5E71ACB302E7}"
EndProject
Project("{FAE04EC0-301F-11D3-BF4B-00C04F79EFBC}") = "exe2", "exe2\exe2.csproj", "{3B13B1C5-C082-4CC5-A6A9-8468627A01E6}"
EndProject
Project("{FAE04EC0-301F-11D3-BF4B-00C04F79EFBC}") = "exe3", "exe3\exe3.csproj", "{256FD83D-60B9-43D9-BC44-0B35CE058936}"
EndProject
Project("{FAE04EC0-301F-11D3-BF4B-00C04F79EFBC}") = "exe4", "exe4\exe4.csproj", "{6A329044-4405-4555-AB08-CFA49CB11136}"
EndProject
Project("{FAE04EC0-301F-11D3-BF4B-00C04F79EFBC}") = "exe5", "exe5\exe5.csproj", "{D296404F-79EC-443B-9005-20DD4761547E}"
EndProject
Project("{FAE04EC0-301F-11D3-BF4B-00C04F79EFBC}") = "exe6", "exe6\exe6.csproj", "{07A4D570-7B25-42E9-A952-4ACFD7A586A1}"
EndProject
Global
	GlobalSection(SolutionConfigurationPlatforms) = preSolution
		Debug|Any CPU = Debug|Any CPU
		Release|Any CPU = Release|Any CPU
	EndGlobalSection
	GlobalSection(ProjectConfigurationPlatforms) = postSolution
		{58681904-590F-4D82-BE16-5E71ACB302E7}.Debug|Any CPU.ActiveCfg = Debug|Any CPU
		{58681904-590F-4D82-BE16-5E71ACB302E7}.Debug|Any CPU.Build.0 = Debug|Any CPU
		{58681904-590F-4D82-BE16-5E71ACB302E7}.Release|Any CPU.ActiveCfg = Release|Any CPU
		{58681904-590F-4D82-BE16-5E71ACB302E7}.Release|Any CPU.Build.0 = Release|Any CPU
		{3B13B1C5-C082-4CC5-A6A9-8468627A01E6}.Debug|Any CPU.ActiveCfg = Debug|Any CPU
		{3B13B1C5-C082-4CC5-A6A9-8468627A01E6}.Debug|Any CPU.Build.0 = Debug|Any CPU
		{3B13B1C5-C082-4CC5-A6A9-8468627A01E6}.Release|Any CPU.ActiveCfg = Release|Any CPU
		{3B13B1C5-C082-4CC5-A6A9-8468627A01E6}.Release|Any CPU.Build.0 = Release|Any CPU
		{256FD83D-60B9-43D9-BC44-0B35CE058936}.Debug|Any CPU.ActiveCfg = Debug|Any CPU
		{256FD83D-60B9-43D9-BC44-0B35CE058936}.Debug|Any CPU.Build.0 = Debug|Any CPU
		{256FD83D-60B9-43D9-BC44-0B35CE058936}.Release|Any CPU.ActiveCfg = Release|Any CPU
		{256FD83D-60B9-43D9-BC44-0B35CE058936}.Release|Any CPU.Build.0 = Release|Any CPU
		{6A329044-4405-4555-AB08-CFA49CB11136}.Debug|Any CPU.ActiveCfg = Debug|Any CPU
		{6A329044-4405-4555-AB08-CFA49CB11136}.Debug|Any CPU.Build.0 = Debug|Any CPU
		{6A329044-4405-4555-AB08-CFA49CB11136}.Release|Any CPU.ActiveCfg = Release|Any CPU
		{6A329044-4405-4555-AB08-CFA49CB11136}.Release|Any CPU.Build.0 = Release|Any CPU
		{D296404F-79EC-443B-9005-20DD4761547E}.Debug|Any CPU.ActiveCfg = Debug|Any CPU
		{D296404F-79EC-443B-9005-20DD4761547E}.Debug|Any CPU.Build.0 = Debug|Any CPU
		{D296404F-79EC-443B-9005-20DD4761547E}.Release|Any CPU.ActiveCfg = Release|Any CPU
		{D296404F-79EC-443B-9005-20DD4761547E}.Release|Any CPU.Build.0 = Release|Any CPU
		{07A4D570-7B25-42E9-A952-4ACFD7A586A1}.Debug|Any CPU.ActiveCfg = Debug|Any CPU
		{07A4D570-7B25-42E9-A952-4ACFD7A586A1}.Debug|Any CPU.Build.0 = Debug|Any CPU
		{07A4D570-7B25-42E9-A952-4ACFD7A586A1}.Release|Any CPU.ActiveCfg = Release|Any CPU
		{07A4D570-7B25-42E9-A952-4ACFD7A586A1}.Release|Any CPU.Build.0 = Release|Any CPU
	EndGlobalSection
EndGlobal
